
Microsoft Visual Studio Solution File, Format Version 12.00
# Visual Studio 15
VisualStudioVersion = 15.0.28010.2050
MinimumVisualStudioVersion = 10.0.40219.1
Project("{FAE04EC0-301F-11D3-BF4B-00C04F79EFBC}") = "emojiHtml", "emojiHtml\emojiHtml.csproj", "{92E567E3-707E-4786-9E16-BB80E7151B3B}"
EndProject
Global
	GlobalSection(SolutionConfigurationPlatforms) = preSolution
		Debug|Any CPU = Debug|Any CPU
		Release|Any CPU = Release|Any CPU
	EndGlobalSection
	GlobalSection(ProjectConfigurationPlatforms) = postSolution
		{92E567E3-707E-4786-9E16-BB80E7151B3B}.Debug|Any CPU.ActiveCfg = Debug|Any CPU
		{92E567E3-707E-4786-9E16-BB80E7151B3B}.Debug|Any CPU.Build.0 = Debug|Any CPU
		{92E567E3-707E-4786-9E16-BB80E7151B3B}.Release|Any CPU.ActiveCfg = Release|Any CPU
		{92E567E3-707E-4786-9E16-BB80E7151B3B}.Release|Any CPU.Build.0 = Release|Any CPU
	EndGlobalSection
	GlobalSection(SolutionProperties) = preSolution
		HideSolutionNode = FALSE
	EndGlobalSection
	GlobalSection(ExtensibilityGlobals) = postSolution
		SolutionGuid = {372E8030-74EF-4A72-80AC-31479E4ECE0E}
	EndGlobalSection
EndGlobal
